<?xml version="1.0" encoding="utf-8"?>
<Project ToolsVersion="4.0" xmlns="http://schemas.microsoft.com/developer/msbuild/2003">
  <ItemGroup>
    <Filter Include="Source Files">
      <UniqueIdentifier>{4FC737F1-C7A5-4376-A066-2A32D752A2FF}</UniqueIdentifier>
      <Extensions>cpp;c;cc;cxx;def;odl;idl;hpj;bat;asm;asmx</Extensions>
    </Filter>
    <Filter Include="Header Files">
      <UniqueIdentifier>{93995380-89BD-4b04-88EB-625FBE52EBFB}</UniqueIdentifier>
      <Extensions>h;hh;hpp;hxx;hm;inl;inc;xsd</Extensions>
    </Filter>
    <Filter Include="Resource Files">
      <UniqueIdentifier>{67DA6AB6-F800-4c08-8B7A-83BB121AAD01}</UniqueIdentifier>
      <Extensions>rc;ico;cur;bmp;dlg;rc2;rct;bin;rgs;gif;jpg;jpeg;jpe;resx;tiff;tif;png;wav;mfcribbon-ms</Extensions>
    </Filter>
    <Filter Include="Header Files\ast">
      <UniqueIdentifier>{9bc0783b-71ab-4403-81a9-7df214f86eed}</UniqueIdentifier>
    </Filter>
    <Filter Include="Header Files\conf">
      <UniqueIdentifier>{d1206242-495a-421f-982d-49ca850ff98f}</UniqueIdentifier>
    </Filter>
    <Filter Include="Source Files\ast">
      <UniqueIdentifier>{00607aba-5cae-4c27-8c5e-53104a79740d}</UniqueIdentifier>
    </Filter>
    <Filter Include="Source Files\conf">
      <UniqueIdentifier>{cc4c756d-21fc-46d4-a9e5-27d86d3ebfa9}</UniqueIdentifier>
    </Filter>
    <Filter Include="ReInputs">
      <UniqueIdentifier>{53088d81-1954-48b9-887e-d623513cb488}</UniqueIdentifier>
    </Filter>
    <Filter Include="ReInputs\ast">
      <UniqueIdentifier>{4e85a670-a4a1-4cbc-b91b-69fd3107c19c}</UniqueIdentifier>
    </Filter>
    <Filter Include="ReInputs\conf">
      <UniqueIdentifier>{dffd67fe-8d79-485e-b767-27f3e5030e78}</UniqueIdentifier>
    </Filter>
  </ItemGroup>
  <ItemGroup>
    <ClCompile Include="..\..\..\re2c\src\compile.cc">
      <Filter>Source Files</Filter>
    </ClCompile>
    <ClCompile Include="..\..\..\re2c\src\main.cc">
      <Filter>Source Files</Filter>
    </ClCompile>
    <ClCompile Include="..\..\..\re2c\src\ast\ast.cc">
      <Filter>Source Files\ast</Filter>
    </ClCompile>
    <ClCompile Include="..\..\..\re2c\src\ast\input.cc">
      <Filter>Source Files\ast</Filter>
    </ClCompile>
    <ClCompile Include="..\..\..\re2c\src\ast\normalize.cc">
      <Filter>Source Files\ast</Filter>
    </ClCompile>
    <ClCompile Include="..\..\..\re2c\src\ast\scanner.cc">
      <Filter>Source Files\ast</Filter>
    </ClCompile>
    <ClCompile Include="..\..\..\re2c\src\ast\unescape.cc">
      <Filter>Source Files\ast</Filter>
    </ClCompile>
    <ClCompile Include="..\..\..\re2c\src\ast\validate.cc">
      <Filter>Source Files\ast</Filter>
    </ClCompile>
    <ClCompile Include="..\..\..\re2c\src\conf\msg.cc">
      <Filter>Source Files\conf</Filter>
    </ClCompile>
    <ClCompile Include="..\..\..\re2c\src\conf\opt.cc">
      <Filter>Source Files\conf</Filter>
    </ClCompile>
    <ClCompile Include="..\..\..\re2c\src\conf\warn.cc">
      <Filter>Source Files\conf</Filter>
    </ClCompile>
    <ClCompile Include="@(ReToCInputs->'$(GeneratedDirectory)%(Filename).cc')" />
    <ClCompile Include="@(ReToCInputs->'$(GeneratedDirectory)%(Filename).cc')" />
    <ClCompile Include="@(ReToCInputs->'$(GeneratedDirectory)%(Filename).cc')" />
    <ClCompile Include="$(GeneratedDirectory)parser.cc">
      <Filter>Source Files</Filter>
    </ClCompile>
    <ClCompile Include="..\..\..\re2c\bootstrap\src\conf\help.cc">
      <Filter>Header Files\conf</Filter>
    </ClCompile>
  </ItemGroup>
  <ItemGroup>
    <ClInclude Include="..\..\..\re2c\src\ast\ast.h">
      <Filter>Header Files\ast</Filter>
    </ClInclude>
    <ClInclude Include="..\..\..\re2c\src\ast\input.h">
      <Filter>Header Files\ast</Filter>
    </ClInclude>
    <ClInclude Include="..\..\..\re2c\src\ast\parser.h">
      <Filter>Header Files\ast</Filter>
    </ClInclude>
    <ClInclude Include="..\..\..\re2c\src\ast\scanner.h">
      <Filter>Header Files\ast</Filter>
    </ClInclude>
    <ClInclude Include="..\..\..\re2c\src\ast\unescape.h">
      <Filter>Header Files\ast</Filter>
    </ClInclude>
    <ClInclude Include="..\..\..\re2c\src\conf\msg.h">
      <Filter>Header Files\conf</Filter>
    </ClInclude>
    <ClInclude Include="..\..\..\re2c\src\conf\opt.h">
      <Filter>Header Files\conf</Filter>
    </ClInclude>
    <ClInclude Include="..\..\..\re2c\src\conf\warn.h">
      <Filter>Header Files\conf</Filter>
    </ClInclude>
    <ClInclude Include="..\..\..\re2c\src\compile.h">
      <Filter>Header Files</Filter>
    </ClInclude>
    <ClInclude Include="..\config.h">
      <Filter>Header Files</Filter>
    </ClInclude>
  </ItemGroup>
</Project>