<?xml version="1.0" encoding="utf-8"?>
<Project ToolsVersion="4.0" xmlns="http://schemas.microsoft.com/developer/msbuild/2003">
  <ItemGroup>
    <Filter Include="Source Files">
      <UniqueIdentifier>{4FC737F1-C7A5-4376-A066-2A32D752A2FF}</UniqueIdentifier>
      <Extensions>cpp;c;cc;cxx;def;odl;idl;hpj;bat;asm;asmx</Extensions>
    </Filter>
    <Filter Include="Header Files">
      <UniqueIdentifier>{93995380-89BD-4b04-88EB-625FBE52EBFB}</UniqueIdentifier>
      <Extensions>h;hh;hpp;hxx;hm;inl;inc;xsd</Extensions>
    </Filter>
    <Filter Include="Resource Files">
      <UniqueIdentifier>{67DA6AB6-F800-4c08-8B7A-83BB121AAD01}</UniqueIdentifier>
      <Extensions>rc;ico;cur;bmp;dlg;rc2;rct;bin;rgs;gif;jpg;jpeg;jpe;resx;tiff;tif;png;wav;mfcribbon-ms</Extensions>
    </Filter>
    <Filter Include="Header Files\ast">
      <UniqueIdentifier>{be121911-731e-47e0-9f67-e32a845d97b3}</UniqueIdentifier>
    </Filter>
    <Filter Include="Source Files\ast">
      <UniqueIdentifier>{e8af5e0e-60a9-4962-9476-ff59df91728b}</UniqueIdentifier>
    </Filter>
    <Filter Include="Header Files\conf">
      <UniqueIdentifier>{2455847f-4611-4859-83e8-72f385182096}</UniqueIdentifier>
    </Filter>
    <Filter Include="Source Files\conf">
      <UniqueIdentifier>{058d7d8a-157d-4c79-ae49-0c589a6c6132}</UniqueIdentifier>
    </Filter>
  </ItemGroup>
  <ItemGroup>
    <ClInclude Include="..\..\..\re2c\src\ast\ast.h">
      <Filter>Header Files\ast</Filter>
    </ClInclude>
    <ClInclude Include="..\..\..\re2c\src\ast\input.h">
      <Filter>Header Files\ast</Filter>
    </ClInclude>
    <ClInclude Include="..\..\..\re2c\src\ast\parser.h">
      <Filter>Header Files\ast</Filter>
    </ClInclude>
    <ClInclude Include="..\..\..\re2c\src\ast\scanner.h">
      <Filter>Header Files\ast</Filter>
    </ClInclude>
    <ClInclude Include="..\..\..\re2c\src\ast\unescape.h">
      <Filter>Header Files\ast</Filter>
    </ClInclude>
    <ClInclude Include="..\..\..\re2c\bootstrap\src\ast\y.tab.h">
      <Filter>Header Files\ast</Filter>
    </ClInclude>
    <ClInclude Include="..\..\..\re2c\src\conf\msg.h">
      <Filter>Header Files\conf</Filter>
    </ClInclude>
    <ClInclude Include="..\..\..\re2c\src\conf\opt.h">
      <Filter>Header Files\conf</Filter>
    </ClInclude>
    <ClInclude Include="..\..\..\re2c\src\conf\warn.h">
      <Filter>Header Files\conf</Filter>
    </ClInclude>
    <ClInclude Include="..\..\..\re2c\src\compile.h">
      <Filter>Header Files</Filter>
    </ClInclude>
    <ClInclude Include="..\config.h">
      <Filter>Header Files</Filter>
    </ClInclude>
  </ItemGroup>
  <ItemGroup>
    <ClCompile Include="..\..\..\re2c\src\ast\ast.cc">
      <Filter>Source Files\ast</Filter>
    </ClCompile>
    <ClCompile Include="..\..\..\re2c\src\ast\input.cc">
      <Filter>Source Files\ast</Filter>
    </ClCompile>
    <ClCompile Include="..\..\..\re2c\src\ast\normalize.cc">
      <Filter>Source Files\ast</Filter>
    </ClCompile>
    <ClCompile Include="..\..\..\re2c\src\ast\scanner.cc">
      <Filter>Source Files\ast</Filter>
    </ClCompile>
    <ClCompile Include="..\..\..\re2c\src\ast\unescape.cc">
      <Filter>Source Files\ast</Filter>
    </ClCompile>
    <ClCompile Include="..\..\..\re2c\src\ast\validate.cc">
      <Filter>Source Files\ast</Filter>
    </ClCompile>
    <ClCompile Include="..\..\..\re2c\bootstrap\src\ast\lex.cc">
      <Filter>Source Files\ast</Filter>
    </ClCompile>
    <ClCompile Include="..\..\..\re2c\bootstrap\src\ast\lex_conf.cc">
      <Filter>Source Files\ast</Filter>
    </ClCompile>
    <ClCompile Include="..\..\..\re2c\bootstrap\src\ast\parser.cc">
      <Filter>Source Files\ast</Filter>
    </ClCompile>
    <ClCompile Include="..\..\..\re2c\src\conf\msg.cc">
      <Filter>Source Files\conf</Filter>
    </ClCompile>
    <ClCompile Include="..\..\..\re2c\src\conf\opt.cc">
      <Filter>Source Files\conf</Filter>
    </ClCompile>
    <ClCompile Include="..\..\..\re2c\src\conf\warn.cc">
      <Filter>Source Files\conf</Filter>
    </ClCompile>
    <ClCompile Include="..\..\..\re2c\bootstrap\src\conf\help.cc">
      <Filter>Source Files\conf</Filter>
    </ClCompile>
    <ClCompile Include="..\..\..\re2c\bootstrap\src\conf\parse_opts.cc">
      <Filter>Source Files\conf</Filter>
    </ClCompile>
    <ClCompile Include="..\..\..\re2c\src\compile.cc">
      <Filter>Source Files</Filter>
    </ClCompile>
    <ClCompile Include="..\..\..\re2c\src\main.cc">
      <Filter>Source Files</Filter>
    </ClCompile>
  </ItemGroup>
</Project>